{
  "name": "Axies NFT Market Place",
  "lockfileVersion": 2,
  "requires": true,
  "packages": {
    "": {
      "dependencies": {
        "@glidejs/glide": "^3.5.2",
        "typeit": "^8.3.1"
      }
    },
    "node_modules/@glidejs/glide": {
      "version": "3.5.2",
      "resolved": "https://registry.npmjs.org/@glidejs/glide/-/glide-3.5.2.tgz",
      "integrity": "sha512-7jGciNJ2bQ4eZLSNlSZ+VAyW63kALf420CvkEpK4lEsUfWJq9odqimci0YCiyNyMUFB+pWHwLYyNc57dijYsCg=="
    },
    "node_modules/typeit": {
      "version": "8.3.1",
      "resolved": "https://registry.npmjs.org/typeit/-/typeit-8.3.1.tgz",
      "integrity": "sha512-t2gtMScQ+yxIP9FyzvH8oVCXlVYLbmXCdNUN1CPsWFVGDU/zn6aevRarsm1+lT9+ZHfwl026bkk+HMpvytvFUQ==",
      "hasInstallScript": true
    }
  },
  "dependencies": {
    "@glidejs/glide": {
      "version": "3.5.2",
      "resolved": "https://registry.npmjs.org/@glidejs/glide/-/glide-3.5.2.tgz",
      "integrity": "sha512-7jGciNJ2bQ4eZLSNlSZ+VAyW63kALf420CvkEpK4lEsUfWJq9odqimci0YCiyNyMUFB+pWHwLYyNc57dijYsCg=="
    },
    "typeit": {
      "version": "8.3.1",
      "resolved": "https://registry.npmjs.org/typeit/-/typeit-8.3.1.tgz",
      "integrity": "sha512-t2gtMScQ+yxIP9FyzvH8oVCXlVYLbmXCdNUN1CPsWFVGDU/zn6aevRarsm1+lT9+ZHfwl026bkk+HMpvytvFUQ=="
    }
  }
}
